{
  "nodes": {
    "crane": {
      "locked": {
        "lastModified": 1730060262,
        "narHash": "sha256-RMgSVkZ9H03sxC+Vh4jxtLTCzSjPq18UWpiM0gq6shQ=",
        "owner": "ipetkov",
        "repo": "crane",
        "rev": "498d9f122c413ee1154e8131ace5a35a80d8fa76",
        "type": "github"
      },
      "original": {
        "owner": "ipetkov",
        "repo": "crane",
        "type": "github"
      }
    },
    "flakelight": {
      "inputs": {
        "nixpkgs": [
          "nixpkgs"
        ]
      },
      "locked": {
        "lastModified": 1727095190,
        "narHash": "sha256-eZfUxkPefTP5fknpr2/X+snNysEj830Ft1IaW7VafFE=",
        "owner": "nix-community",
        "repo": "flakelight",
        "rev": "9e0f7e360688187ed3d7d8b033028e0d3473aa2c",
        "type": "github"
      },
      "original": {
        "owner": "nix-community",
        "repo": "flakelight",
        "type": "github"
      }
    },
    "mill-scale": {
      "inputs": {
        "crane": "crane",
        "flakelight": [
          "flakelight"
        ],
        "rust-overlay": "rust-overlay"
      },
      "locked": {
        "lastModified": 1731160048,
        "narHash": "sha256-8QskxTlX9j5IpNMXRvhGoTZMoiSQjdlA/TFP5oBePnk=",
        "owner": "icewind1991",
        "repo": "mill-scale",
        "rev": "9adbac228aec3b44afd06867f3dffe8b3341ea12",
        "type": "github"
      },
      "original": {
        "owner": "icewind1991",
        "repo": "mill-scale",
        "type": "github"
      }
    },
    "nixpkgs": {
      "locked": {
        "lastModified": 1721949857,
        "narHash": "sha256-DID446r8KsmJhbCzx4el8d9SnPiE8qa6+eEQOJ40vR0=",
        "owner": "NixOS",
        "repo": "nixpkgs",
        "rev": "a1cc729dcbc31d9b0d11d86dc7436163548a9665",
        "type": "github"
      },
      "original": {
        "id": "nixpkgs",
        "ref": "nixos-24.05",
        "type": "indirect"
      }
    },
    "root": {
      "inputs": {
        "flakelight": "flakelight",
        "mill-scale": "mill-scale",
        "nixpkgs": "nixpkgs"
      }
    },
    "rust-overlay": {
      "inputs": {
        "nixpkgs": [
          "mill-scale",
          "flakelight",
          "nixpkgs"
        ]
      },
      "locked": {
        "lastModified": 1730255392,
        "narHash": "sha256-9pydem8OVxa0TwjUai1PJe0yHAJw556CWCEwyoAq8Ik=",
        "owner": "oxalica",
        "repo": "rust-overlay",
        "rev": "7509d76ce2b3d22b40bd25368b45c0a9f7f36c89",
        "type": "github"
      },
      "original": {
        "owner": "oxalica",
        "repo": "rust-overlay",
        "type": "github"
      }
    }
  },
  "root": "root",
  "version": 7
}
